
Microsoft Visual Studio Solution File, Format Version 12.00
# Visual Studio 15
VisualStudioVersion = 15.0.27428.2002
MinimumVisualStudioVersion = 10.0.40219.1
Project("{FAE04EC0-301F-11D3-BF4B-00C04F79EFBC}") = "num3_b", "num3\num3_b.csproj", "{20E306E7-3057-40D6-908B-183DA439F891}"
EndProject
Project("{FAE04EC0-301F-11D3-BF4B-00C04F79EFBC}") = "num3_a", "num3_a\num3_a.csproj", "{D977388B-9E28-457B-8678-D6134A065A08}"
EndProject
Project("{FAE04EC0-301F-11D3-BF4B-00C04F79EFBC}") = "num3_c", "num3_c\num3_c.csproj", "{4DE60A8C-D755-43C5-9E4A-DAA6C6A12A20}"
EndProject
Global
	GlobalSection(SolutionConfigurationPlatforms) = preSolution
		Debug|Any CPU = Debug|Any CPU
		Release|Any CPU = Release|Any CPU
	EndGlobalSection
	GlobalSection(ProjectConfigurationPlatforms) = postSolution
		{20E306E7-3057-40D6-908B-183DA439F891}.Debug|Any CPU.ActiveCfg = Debug|Any CPU
		{20E306E7-3057-40D6-908B-183DA439F891}.Debug|Any CPU.Build.0 = Debug|Any CPU
		{20E306E7-3057-40D6-908B-183DA439F891}.Release|Any CPU.ActiveCfg = Release|Any CPU
		{20E306E7-3057-40D6-908B-183DA439F891}.Release|Any CPU.Build.0 = Release|Any CPU
		{D977388B-9E28-457B-8678-D6134A065A08}.Debug|Any CPU.ActiveCfg = Debug|Any CPU
		{D977388B-9E28-457B-8678-D6134A065A08}.Debug|Any CPU.Build.0 = Debug|Any CPU
		{D977388B-9E28-457B-8678-D6134A065A08}.Release|Any CPU.ActiveCfg = Release|Any CPU
		{D977388B-9E28-457B-8678-D6134A065A08}.Release|Any CPU.Build.0 = Release|Any CPU
		{4DE60A8C-D755-43C5-9E4A-DAA6C6A12A20}.Debug|Any CPU.ActiveCfg = Debug|Any CPU
		{4DE60A8C-D755-43C5-9E4A-DAA6C6A12A20}.Debug|Any CPU.Build.0 = Debug|Any CPU
		{4DE60A8C-D755-43C5-9E4A-DAA6C6A12A20}.Release|Any CPU.ActiveCfg = Release|Any CPU
		{4DE60A8C-D755-43C5-9E4A-DAA6C6A12A20}.Release|Any CPU.Build.0 = Release|Any CPU
	EndGlobalSection
	GlobalSection(SolutionProperties) = preSolution
		HideSolutionNode = FALSE
	EndGlobalSection
	GlobalSection(ExtensibilityGlobals) = postSolution
		SolutionGuid = {ECF7CB90-32D2-4F39-90AA-D49AB8B1A761}
	EndGlobalSection
EndGlobal
