
Microsoft Visual Studio Solution File, Format Version 12.00
# Visual Studio 15
VisualStudioVersion = 15.0.27428.2002
MinimumVisualStudioVersion = 10.0.40219.1
Project("{FAE04EC0-301F-11D3-BF4B-00C04F79EFBC}") = "num1", "num1\num1.csproj", "{626818E9-59D8-42D3-BAB2-A3422BCD4A3C}"
EndProject
Global
	GlobalSection(SolutionConfigurationPlatforms) = preSolution
		Debug|Any CPU = Debug|Any CPU
		Release|Any CPU = Release|Any CPU
	EndGlobalSection
	GlobalSection(ProjectConfigurationPlatforms) = postSolution
		{626818E9-59D8-42D3-BAB2-A3422BCD4A3C}.Debug|Any CPU.ActiveCfg = Debug|Any CPU
		{626818E9-59D8-42D3-BAB2-A3422BCD4A3C}.Debug|Any CPU.Build.0 = Debug|Any CPU
		{626818E9-59D8-42D3-BAB2-A3422BCD4A3C}.Release|Any CPU.ActiveCfg = Release|Any CPU
		{626818E9-59D8-42D3-BAB2-A3422BCD4A3C}.Release|Any CPU.Build.0 = Release|Any CPU
	EndGlobalSection
	GlobalSection(SolutionProperties) = preSolution
		HideSolutionNode = FALSE
	EndGlobalSection
	GlobalSection(ExtensibilityGlobals) = postSolution
		SolutionGuid = {D1280ED6-567B-470E-96DF-76AB4165595D}
	EndGlobalSection
EndGlobal
